
Microsoft Visual Studio Solution File, Format Version 12.00
# Visual Studio Version 17
VisualStudioVersion = 17.6.33829.357
MinimumVisualStudioVersion = 10.0.40219.1
Project("{FAE04EC0-301F-11D3-BF4B-00C04F79EFBC}") = "TCC_Viagens", "TCC_Viagens\TCC_Viagens.csproj", "{5DE0692B-68A8-45D0-9576-00ED64F61537}"
EndProject
Global
	GlobalSection(SolutionConfigurationPlatforms) = preSolution
		Debug|Any CPU = Debug|Any CPU
		Release|Any CPU = Release|Any CPU
	EndGlobalSection
	GlobalSection(ProjectConfigurationPlatforms) = postSolution
		{5DE0692B-68A8-45D0-9576-00ED64F61537}.Debug|Any CPU.ActiveCfg = Debug|Any CPU
		{5DE0692B-68A8-45D0-9576-00ED64F61537}.Debug|Any CPU.Build.0 = Debug|Any CPU
		{5DE0692B-68A8-45D0-9576-00ED64F61537}.Release|Any CPU.ActiveCfg = Release|Any CPU
		{5DE0692B-68A8-45D0-9576-00ED64F61537}.Release|Any CPU.Build.0 = Release|Any CPU
	EndGlobalSection
	GlobalSection(SolutionProperties) = preSolution
		HideSolutionNode = FALSE
	EndGlobalSection
	GlobalSection(ExtensibilityGlobals) = postSolution
		SolutionGuid = {1C7A6E6F-942C-400F-BC82-BD57311D0F5C}
	EndGlobalSection
EndGlobal
